
Microsoft Visual Studio Solution File, Format Version 12.00
# Visual Studio Express 2012 for Windows Desktop
Project("{FAE04EC0-301F-11D3-BF4B-00C04F79EFBC}") = "GameEngine", "GameEngine.csproj", "{AC58D448-3484-4B79-8469-BC5A768EBD14}"
EndProject
Global
	GlobalSection(SolutionConfigurationPlatforms) = preSolution
		Debug|Any CPU = Debug|Any CPU
		Release|Any CPU = Release|Any CPU
	EndGlobalSection
	GlobalSection(ProjectConfigurationPlatforms) = postSolution
		{AC58D448-3484-4B79-8469-BC5A768EBD14}.Debug|Any CPU.ActiveCfg = Debug|Any CPU
		{AC58D448-3484-4B79-8469-BC5A768EBD14}.Debug|Any CPU.Build.0 = Debug|Any CPU
		{AC58D448-3484-4B79-8469-BC5A768EBD14}.Release|Any CPU.ActiveCfg = Release|Any CPU
		{AC58D448-3484-4B79-8469-BC5A768EBD14}.Release|Any CPU.Build.0 = Release|Any CPU
	EndGlobalSection
	GlobalSection(SolutionProperties) = preSolution
		HideSolutionNode = FALSE
	EndGlobalSection
EndGlobal
